
Microsoft Visual Studio Solution File, Format Version 12.00
# Visual Studio 15
VisualStudioVersion = 15.0.27703.2026
MinimumVisualStudioVersion = 10.0.40219.1
Project("{FAE04EC0-301F-11D3-BF4B-00C04F79EFBC}") = "Portable4.Android", "Portable4\Portable4.Android\Portable4.Android.csproj", "{CC3BC893-409F-4C3A-82C4-ACE958969FFC}"
EndProject
Project("{FAE04EC0-301F-11D3-BF4B-00C04F79EFBC}") = "Portable4.iOS", "Portable4\Portable4.iOS\Portable4.iOS.csproj", "{EE3ED6AD-5545-4F22-BC6B-457C2B165D8E}"
EndProject
Project("{FAE04EC0-301F-11D3-BF4B-00C04F79EFBC}") = "Portable4", "Portable4\Portable4\Portable4.csproj", "{36CD8580-92A0-4000-B8E2-387E4048741E}"
EndProject
Global
	GlobalSection(SolutionConfigurationPlatforms) = preSolution
		Ad-Hoc|Any CPU = Ad-Hoc|Any CPU
		Ad-Hoc|iPhone = Ad-Hoc|iPhone
		Ad-Hoc|iPhoneSimulator = Ad-Hoc|iPhoneSimulator
		AppStore|Any CPU = AppStore|Any CPU
		AppStore|iPhone = AppStore|iPhone
		AppStore|iPhoneSimulator = AppStore|iPhoneSimulator
		Debug|Any CPU = Debug|Any CPU
		Debug|iPhone = Debug|iPhone
		Debug|iPhoneSimulator = Debug|iPhoneSimulator
		Release|Any CPU = Release|Any CPU
		Release|iPhone = Release|iPhone
		Release|iPhoneSimulator = Release|iPhoneSimulator
	EndGlobalSection
	GlobalSection(ProjectConfigurationPlatforms) = postSolution
		{CC3BC893-409F-4C3A-82C4-ACE958969FFC}.Ad-Hoc|Any CPU.ActiveCfg = Release|Any CPU
		{CC3BC893-409F-4C3A-82C4-ACE958969FFC}.Ad-Hoc|Any CPU.Build.0 = Release|Any CPU
		{CC3BC893-409F-4C3A-82C4-ACE958969FFC}.Ad-Hoc|Any CPU.Deploy.0 = Release|Any CPU
		{CC3BC893-409F-4C3A-82C4-ACE958969FFC}.Ad-Hoc|iPhone.ActiveCfg = Release|Any CPU
		{CC3BC893-409F-4C3A-82C4-ACE958969FFC}.Ad-Hoc|iPhone.Build.0 = Release|Any CPU
		{CC3BC893-409F-4C3A-82C4-ACE958969FFC}.Ad-Hoc|iPhone.Deploy.0 = Release|Any CPU
		{CC3BC893-409F-4C3A-82C4-ACE958969FFC}.Ad-Hoc|iPhoneSimulator.ActiveCfg = Release|Any CPU
		{CC3BC893-409F-4C3A-82C4-ACE958969FFC}.Ad-Hoc|iPhoneSimulator.Build.0 = Release|Any CPU
		{CC3BC893-409F-4C3A-82C4-ACE958969FFC}.Ad-Hoc|iPhoneSimulator.Deploy.0 = Release|Any CPU
		{CC3BC893-409F-4C3A-82C4-ACE958969FFC}.AppStore|Any CPU.ActiveCfg = Release|Any CPU
		{CC3BC893-409F-4C3A-82C4-ACE958969FFC}.AppStore|Any CPU.Build.0 = Release|Any CPU
		{CC3BC893-409F-4C3A-82C4-ACE958969FFC}.AppStore|Any CPU.Deploy.0 = Release|Any CPU
		{CC3BC893-409F-4C3A-82C4-ACE958969FFC}.AppStore|iPhone.ActiveCfg = Release|Any CPU
		{CC3BC893-409F-4C3A-82C4-ACE958969FFC}.AppStore|iPhone.Build.0 = Release|Any CPU
		{CC3BC893-409F-4C3A-82C4-ACE958969FFC}.AppStore|iPhone.Deploy.0 = Release|Any CPU
		{CC3BC893-409F-4C3A-82C4-ACE958969FFC}.AppStore|iPhoneSimulator.ActiveCfg = Release|Any CPU
		{CC3BC893-409F-4C3A-82C4-ACE958969FFC}.AppStore|iPhoneSimulator.Build.0 = Release|Any CPU
		{CC3BC893-409F-4C3A-82C4-ACE958969FFC}.AppStore|iPhoneSimulator.Deploy.0 = Release|Any CPU
		{CC3BC893-409F-4C3A-82C4-ACE958969FFC}.Debug|Any CPU.ActiveCfg = Debug|Any CPU
		{CC3BC893-409F-4C3A-82C4-ACE958969FFC}.Debug|Any CPU.Build.0 = Debug|Any CPU
		{CC3BC893-409F-4C3A-82C4-ACE958969FFC}.Debug|Any CPU.Deploy.0 = Debug|Any CPU
		{CC3BC893-409F-4C3A-82C4-ACE958969FFC}.Debug|iPhone.ActiveCfg = Debug|Any CPU
		{CC3BC893-409F-4C3A-82C4-ACE958969FFC}.Debug|iPhone.Build.0 = Debug|Any CPU
		{CC3BC893-409F-4C3A-82C4-ACE958969FFC}.Debug|iPhone.Deploy.0 = Debug|Any CPU
		{CC3BC893-409F-4C3A-82C4-ACE958969FFC}.Debug|iPhoneSimulator.ActiveCfg = Debug|Any CPU
		{CC3BC893-409F-4C3A-82C4-ACE958969FFC}.Debug|iPhoneSimulator.Build.0 = Debug|Any CPU
		{CC3BC893-409F-4C3A-82C4-ACE958969FFC}.Debug|iPhoneSimulator.Deploy.0 = Debug|Any CPU
		{CC3BC893-409F-4C3A-82C4-ACE958969FFC}.Release|Any CPU.ActiveCfg = Release|Any CPU
		{CC3BC893-409F-4C3A-82C4-ACE958969FFC}.Release|Any CPU.Build.0 = Release|Any CPU
		{CC3BC893-409F-4C3A-82C4-ACE958969FFC}.Release|Any CPU.Deploy.0 = Release|Any CPU
		{CC3BC893-409F-4C3A-82C4-ACE958969FFC}.Release|iPhone.ActiveCfg = Release|Any CPU
		{CC3BC893-409F-4C3A-82C4-ACE958969FFC}.Release|iPhone.Build.0 = Release|Any CPU
		{CC3BC893-409F-4C3A-82C4-ACE958969FFC}.Release|iPhone.Deploy.0 = Release|Any CPU
		{CC3BC893-409F-4C3A-82C4-ACE958969FFC}.Release|iPhoneSimulator.ActiveCfg = Release|Any CPU
		{CC3BC893-409F-4C3A-82C4-ACE958969FFC}.Release|iPhoneSimulator.Build.0 = Release|Any CPU
		{CC3BC893-409F-4C3A-82C4-ACE958969FFC}.Release|iPhoneSimulator.Deploy.0 = Release|Any CPU
		{EE3ED6AD-5545-4F22-BC6B-457C2B165D8E}.Ad-Hoc|Any CPU.ActiveCfg = Ad-Hoc|iPhone
		{EE3ED6AD-5545-4F22-BC6B-457C2B165D8E}.Ad-Hoc|Any CPU.Build.0 = Ad-Hoc|iPhone
		{EE3ED6AD-5545-4F22-BC6B-457C2B165D8E}.Ad-Hoc|Any CPU.Deploy.0 = Ad-Hoc|iPhone
		{EE3ED6AD-5545-4F22-BC6B-457C2B165D8E}.Ad-Hoc|iPhone.ActiveCfg = Ad-Hoc|iPhone
		{EE3ED6AD-5545-4F22-BC6B-457C2B165D8E}.Ad-Hoc|iPhone.Build.0 = Ad-Hoc|iPhone
		{EE3ED6AD-5545-4F22-BC6B-457C2B165D8E}.Ad-Hoc|iPhone.Deploy.0 = Ad-Hoc|iPhone
		{EE3ED6AD-5545-4F22-BC6B-457C2B165D8E}.Ad-Hoc|iPhoneSimulator.ActiveCfg = Ad-Hoc|iPhoneSimulator
		{EE3ED6AD-5545-4F22-BC6B-457C2B165D8E}.Ad-Hoc|iPhoneSimulator.Build.0 = Ad-Hoc|iPhoneSimulator
		{EE3ED6AD-5545-4F22-BC6B-457C2B165D8E}.Ad-Hoc|iPhoneSimulator.Deploy.0 = Ad-Hoc|iPhoneSimulator
		{EE3ED6AD-5545-4F22-BC6B-457C2B165D8E}.AppStore|Any CPU.ActiveCfg = AppStore|iPhone
		{EE3ED6AD-5545-4F22-BC6B-457C2B165D8E}.AppStore|Any CPU.Build.0 = AppStore|iPhone
		{EE3ED6AD-5545-4F22-BC6B-457C2B165D8E}.AppStore|Any CPU.Deploy.0 = AppStore|iPhone
		{EE3ED6AD-5545-4F22-BC6B-457C2B165D8E}.AppStore|iPhone.ActiveCfg = AppStore|iPhone
		{EE3ED6AD-5545-4F22-BC6B-457C2B165D8E}.AppStore|iPhone.Build.0 = AppStore|iPhone
		{EE3ED6AD-5545-4F22-BC6B-457C2B165D8E}.AppStore|iPhone.Deploy.0 = AppStore|iPhone
		{EE3ED6AD-5545-4F22-BC6B-457C2B165D8E}.AppStore|iPhoneSimulator.ActiveCfg = AppStore|iPhoneSimulator
		{EE3ED6AD-5545-4F22-BC6B-457C2B165D8E}.AppStore|iPhoneSimulator.Build.0 = AppStore|iPhoneSimulator
		{EE3ED6AD-5545-4F22-BC6B-457C2B165D8E}.AppStore|iPhoneSimulator.Deploy.0 = AppStore|iPhoneSimulator
		{EE3ED6AD-5545-4F22-BC6B-457C2B165D8E}.Debug|Any CPU.ActiveCfg = Debug|iPhoneSimulator
		{EE3ED6AD-5545-4F22-BC6B-457C2B165D8E}.Debug|Any CPU.Build.0 = Debug|iPhoneSimulator
		{EE3ED6AD-5545-4F22-BC6B-457C2B165D8E}.Debug|Any CPU.Deploy.0 = Debug|iPhoneSimulator
		{EE3ED6AD-5545-4F22-BC6B-457C2B165D8E}.Debug|iPhone.ActiveCfg = Debug|iPhone
		{EE3ED6AD-5545-4F22-BC6B-457C2B165D8E}.Debug|iPhone.Build.0 = Debug|iPhone
		{EE3ED6AD-5545-4F22-BC6B-457C2B165D8E}.Debug|iPhone.Deploy.0 = Debug|iPhone
		{EE3ED6AD-5545-4F22-BC6B-457C2B165D8E}.Debug|iPhoneSimulator.ActiveCfg = Debug|iPhoneSimulator
		{EE3ED6AD-5545-4F22-BC6B-457C2B165D8E}.Debug|iPhoneSimulator.Build.0 = Debug|iPhoneSimulator
		{EE3ED6AD-5545-4F22-BC6B-457C2B165D8E}.Debug|iPhoneSimulator.Deploy.0 = Debug|iPhoneSimulator
		{EE3ED6AD-5545-4F22-BC6B-457C2B165D8E}.Release|Any CPU.ActiveCfg = Release|iPhone
		{EE3ED6AD-5545-4F22-BC6B-457C2B165D8E}.Release|Any CPU.Build.0 = Release|iPhone
		{EE3ED6AD-5545-4F22-BC6B-457C2B165D8E}.Release|Any CPU.Deploy.0 = Release|iPhone
		{EE3ED6AD-5545-4F22-BC6B-457C2B165D8E}.Release|iPhone.ActiveCfg = Release|iPhone
		{EE3ED6AD-5545-4F22-BC6B-457C2B165D8E}.Release|iPhone.Build.0 = Release|iPhone
		{EE3ED6AD-5545-4F22-BC6B-457C2B165D8E}.Release|iPhone.Deploy.0 = Release|iPhone
		{EE3ED6AD-5545-4F22-BC6B-457C2B165D8E}.Release|iPhoneSimulator.ActiveCfg = Release|iPhoneSimulator
		{EE3ED6AD-5545-4F22-BC6B-457C2B165D8E}.Release|iPhoneSimulator.Build.0 = Release|iPhoneSimulator
		{EE3ED6AD-5545-4F22-BC6B-457C2B165D8E}.Release|iPhoneSimulator.Deploy.0 = Release|iPhoneSimulator
		{36CD8580-92A0-4000-B8E2-387E4048741E}.Ad-Hoc|Any CPU.ActiveCfg = Debug|Any CPU
		{36CD8580-92A0-4000-B8E2-387E4048741E}.Ad-Hoc|Any CPU.Build.0 = Debug|Any CPU
		{36CD8580-92A0-4000-B8E2-387E4048741E}.Ad-Hoc|Any CPU.Deploy.0 = Debug|Any CPU
		{36CD8580-92A0-4000-B8E2-387E4048741E}.Ad-Hoc|iPhone.ActiveCfg = Debug|Any CPU
		{36CD8580-92A0-4000-B8E2-387E4048741E}.Ad-Hoc|iPhone.Build.0 = Debug|Any CPU
		{36CD8580-92A0-4000-B8E2-387E4048741E}.Ad-Hoc|iPhone.Deploy.0 = Debug|Any CPU
		{36CD8580-92A0-4000-B8E2-387E4048741E}.Ad-Hoc|iPhoneSimulator.ActiveCfg = Debug|Any CPU
		{36CD8580-92A0-4000-B8E2-387E4048741E}.Ad-Hoc|iPhoneSimulator.Build.0 = Debug|Any CPU
		{36CD8580-92A0-4000-B8E2-387E4048741E}.Ad-Hoc|iPhoneSimulator.Deploy.0 = Debug|Any CPU
		{36CD8580-92A0-4000-B8E2-387E4048741E}.AppStore|Any CPU.ActiveCfg = Debug|Any CPU
		{36CD8580-92A0-4000-B8E2-387E4048741E}.AppStore|Any CPU.Build.0 = Debug|Any CPU
		{36CD8580-92A0-4000-B8E2-387E4048741E}.AppStore|Any CPU.Deploy.0 = Debug|Any CPU
		{36CD8580-92A0-4000-B8E2-387E4048741E}.AppStore|iPhone.ActiveCfg = Debug|Any CPU
		{36CD8580-92A0-4000-B8E2-387E4048741E}.AppStore|iPhone.Build.0 = Debug|Any CPU
		{36CD8580-92A0-4000-B8E2-387E4048741E}.AppStore|iPhone.Deploy.0 = Debug|Any CPU
		{36CD8580-92A0-4000-B8E2-387E4048741E}.AppStore|iPhoneSimulator.ActiveCfg = Debug|Any CPU
		{36CD8580-92A0-4000-B8E2-387E4048741E}.AppStore|iPhoneSimulator.Build.0 = Debug|Any CPU
		{36CD8580-92A0-4000-B8E2-387E4048741E}.AppStore|iPhoneSimulator.Deploy.0 = Debug|Any CPU
		{36CD8580-92A0-4000-B8E2-387E4048741E}.Debug|Any CPU.ActiveCfg = Debug|Any CPU
		{36CD8580-92A0-4000-B8E2-387E4048741E}.Debug|Any CPU.Build.0 = Debug|Any CPU
		{36CD8580-92A0-4000-B8E2-387E4048741E}.Debug|Any CPU.Deploy.0 = Debug|Any CPU
		{36CD8580-92A0-4000-B8E2-387E4048741E}.Debug|iPhone.ActiveCfg = Debug|Any CPU
		{36CD8580-92A0-4000-B8E2-387E4048741E}.Debug|iPhone.Build.0 = Debug|Any CPU
		{36CD8580-92A0-4000-B8E2-387E4048741E}.Debug|iPhone.Deploy.0 = Debug|Any CPU
		{36CD8580-92A0-4000-B8E2-387E4048741E}.Debug|iPhoneSimulator.ActiveCfg = Debug|Any CPU
		{36CD8580-92A0-4000-B8E2-387E4048741E}.Debug|iPhoneSimulator.Build.0 = Debug|Any CPU
		{36CD8580-92A0-4000-B8E2-387E4048741E}.Debug|iPhoneSimulator.Deploy.0 = Debug|Any CPU
		{36CD8580-92A0-4000-B8E2-387E4048741E}.Release|Any CPU.ActiveCfg = Release|Any CPU
		{36CD8580-92A0-4000-B8E2-387E4048741E}.Release|Any CPU.Build.0 = Release|Any CPU
		{36CD8580-92A0-4000-B8E2-387E4048741E}.Release|Any CPU.Deploy.0 = Release|Any CPU
		{36CD8580-92A0-4000-B8E2-387E4048741E}.Release|iPhone.ActiveCfg = Release|Any CPU
		{36CD8580-92A0-4000-B8E2-387E4048741E}.Release|iPhone.Build.0 = Release|Any CPU
		{36CD8580-92A0-4000-B8E2-387E4048741E}.Release|iPhone.Deploy.0 = Release|Any CPU
		{36CD8580-92A0-4000-B8E2-387E4048741E}.Release|iPhoneSimulator.ActiveCfg = Release|Any CPU
		{36CD8580-92A0-4000-B8E2-387E4048741E}.Release|iPhoneSimulator.Build.0 = Release|Any CPU
		{36CD8580-92A0-4000-B8E2-387E4048741E}.Release|iPhoneSimulator.Deploy.0 = Release|Any CPU
	EndGlobalSection
	GlobalSection(SolutionProperties) = preSolution
		HideSolutionNode = FALSE
	EndGlobalSection
	GlobalSection(ExtensibilityGlobals) = postSolution
		SolutionGuid = {F24BCBC4-73E2-4315-90D2-B18AB65B5A4E}
	EndGlobalSection
EndGlobal
